
Microsoft Visual Studio Solution File, Format Version 12.00
# Visual Studio 15
VisualStudioVersion = 15.0.28307.136
MinimumVisualStudioVersion = 10.0.40219.1
Project("{9A19103F-16F7-4668-BE54-9A1E7A4F7556}") = "WebAPICore", "WebAPICore.csproj", "{4685BA2A-DACB-4A27-B345-DB0D052A5849}"
EndProject
Global
	GlobalSection(SolutionConfigurationPlatforms) = preSolution
		Debug|Any CPU = Debug|Any CPU
		Release|Any CPU = Release|Any CPU
	EndGlobalSection
	GlobalSection(ProjectConfigurationPlatforms) = postSolution
		{4685BA2A-DACB-4A27-B345-DB0D052A5849}.Debug|Any CPU.ActiveCfg = Debug|Any CPU
		{4685BA2A-DACB-4A27-B345-DB0D052A5849}.Debug|Any CPU.Build.0 = Debug|Any CPU
		{4685BA2A-DACB-4A27-B345-DB0D052A5849}.Release|Any CPU.ActiveCfg = Release|Any CPU
		{4685BA2A-DACB-4A27-B345-DB0D052A5849}.Release|Any CPU.Build.0 = Release|Any CPU
	EndGlobalSection
	GlobalSection(SolutionProperties) = preSolution
		HideSolutionNode = FALSE
	EndGlobalSection
	GlobalSection(ExtensibilityGlobals) = postSolution
		SolutionGuid = {D2783826-3096-4525-A66B-126927009703}
	EndGlobalSection
EndGlobal
